dependencies:
- name: postgresql
  repository: https://charts.helm.sh/stable
  version: 8.1.0
- name: rabbitmq
  repository: https://charts.helm.sh/stable
  version: 6.16.3
digest: sha256:c4038c8b3bdf0da3e2012a216b6f6598f92c7ccf1a49f167a6d9e1ba0f92e6d3
generated: "2021-02-26T15:12:28.877804655-08:00"
